
Microsoft Visual Studio Solution File, Format Version 12.00
# Visual Studio Version 17
VisualStudioVersion = 17.7.34009.444
MinimumVisualStudioVersion = 10.0.40219.1
Project("{FAE04EC0-301F-11D3-BF4B-00C04F79EFBC}") = "Tutorial2", "Tutorial2\Tutorial2.csproj", "{DC79FB11-D661-4C3C-A211-2583D8AE6213}"
EndProject
Global
	GlobalSection(SolutionConfigurationPlatforms) = preSolution
		Debug|Any CPU = Debug|Any CPU
		Release|Any CPU = Release|Any CPU
	EndGlobalSection
	GlobalSection(ProjectConfigurationPlatforms) = postSolution
		{DC79FB11-D661-4C3C-A211-2583D8AE6213}.Debug|Any CPU.ActiveCfg = Debug|Any CPU
		{DC79FB11-D661-4C3C-A211-2583D8AE6213}.Debug|Any CPU.Build.0 = Debug|Any CPU
		{DC79FB11-D661-4C3C-A211-2583D8AE6213}.Release|Any CPU.ActiveCfg = Release|Any CPU
		{DC79FB11-D661-4C3C-A211-2583D8AE6213}.Release|Any CPU.Build.0 = Release|Any CPU
	EndGlobalSection
	GlobalSection(SolutionProperties) = preSolution
		HideSolutionNode = FALSE
	EndGlobalSection
	GlobalSection(ExtensibilityGlobals) = postSolution
		SolutionGuid = {C7CF3FB9-0741-45E8-ABDC-CC95E3AB791B}
	EndGlobalSection
EndGlobal
