
Microsoft Visual Studio Solution File, Format Version 12.00
# Visual Studio Version 17
VisualStudioVersion = 17.7.34009.444
MinimumVisualStudioVersion = 10.0.40219.1
Project("{FAE04EC0-301F-11D3-BF4B-00C04F79EFBC}") = "Session 7", "Session 7.csproj", "{1D902DF4-A903-49FC-B3D9-F9090D6E823D}"
EndProject
Global
	GlobalSection(SolutionConfigurationPlatforms) = preSolution
		Debug|Any CPU = Debug|Any CPU
		Release|Any CPU = Release|Any CPU
	EndGlobalSection
	GlobalSection(ProjectConfigurationPlatforms) = postSolution
		{1D902DF4-A903-49FC-B3D9-F9090D6E823D}.Debug|Any CPU.ActiveCfg = Debug|Any CPU
		{1D902DF4-A903-49FC-B3D9-F9090D6E823D}.Debug|Any CPU.Build.0 = Debug|Any CPU
		{1D902DF4-A903-49FC-B3D9-F9090D6E823D}.Release|Any CPU.ActiveCfg = Release|Any CPU
		{1D902DF4-A903-49FC-B3D9-F9090D6E823D}.Release|Any CPU.Build.0 = Release|Any CPU
	EndGlobalSection
	GlobalSection(SolutionProperties) = preSolution
		HideSolutionNode = FALSE
	EndGlobalSection
	GlobalSection(ExtensibilityGlobals) = postSolution
		SolutionGuid = {8E26EF5C-CF59-4373-86DD-7750225EA465}
	EndGlobalSection
EndGlobal
